
Microsoft Visual Studio Solution File, Format Version 12.00
# Visual Studio Version 17
VisualStudioVersion = 17.0.32126.317
MinimumVisualStudioVersion = 10.0.40219.1
Project("{FAE04EC0-301F-11D3-BF4B-00C04F79EFBC}") = "Data", "Data\Data.csproj", "{C638ECF9-4A03-4876-9BC0-9D4378AD73CB}"
EndProject
Global
	GlobalSection(SolutionConfigurationPlatforms) = preSolution
		Debug|Any CPU = Debug|Any CPU
		Release|Any CPU = Release|Any CPU
	EndGlobalSection
	GlobalSection(ProjectConfigurationPlatforms) = postSolution
		{C638ECF9-4A03-4876-9BC0-9D4378AD73CB}.Debug|Any CPU.ActiveCfg = Debug|Any CPU
		{C638ECF9-4A03-4876-9BC0-9D4378AD73CB}.Debug|Any CPU.Build.0 = Debug|Any CPU
		{C638ECF9-4A03-4876-9BC0-9D4378AD73CB}.Release|Any CPU.ActiveCfg = Release|Any CPU
		{C638ECF9-4A03-4876-9BC0-9D4378AD73CB}.Release|Any CPU.Build.0 = Release|Any CPU
	EndGlobalSection
	GlobalSection(SolutionProperties) = preSolution
		HideSolutionNode = FALSE
	EndGlobalSection
	GlobalSection(ExtensibilityGlobals) = postSolution
		SolutionGuid = {80941A01-79C8-4286-9BF6-5DC37D75CCA6}
	EndGlobalSection
EndGlobal
